
Microsoft Visual Studio Solution File, Format Version 12.00
# Visual Studio Version 17
VisualStudioVersion = 17.3.32929.385
MinimumVisualStudioVersion = 10.0.40219.1
Project("{FAE04EC0-301F-11D3-BF4B-00C04F79EFBC}") = "image", "image\image.csproj", "{DBC3B430-F650-4C1C-B27B-AAA104669A5D}"
EndProject
Global
	GlobalSection(SolutionConfigurationPlatforms) = preSolution
		Debug|Any CPU = Debug|Any CPU
		Release|Any CPU = Release|Any CPU
	EndGlobalSection
	GlobalSection(ProjectConfigurationPlatforms) = postSolution
		{DBC3B430-F650-4C1C-B27B-AAA104669A5D}.Debug|Any CPU.ActiveCfg = Debug|Any CPU
		{DBC3B430-F650-4C1C-B27B-AAA104669A5D}.Debug|Any CPU.Build.0 = Debug|Any CPU
		{DBC3B430-F650-4C1C-B27B-AAA104669A5D}.Release|Any CPU.ActiveCfg = Release|Any CPU
		{DBC3B430-F650-4C1C-B27B-AAA104669A5D}.Release|Any CPU.Build.0 = Release|Any CPU
	EndGlobalSection
	GlobalSection(SolutionProperties) = preSolution
		HideSolutionNode = FALSE
	EndGlobalSection
	GlobalSection(ExtensibilityGlobals) = postSolution
		SolutionGuid = {59996C9D-4A23-4F18-AE1A-D3FBAF882AF2}
	EndGlobalSection
EndGlobal
